
Microsoft Visual Studio Solution File, Format Version 12.00
# Visual Studio Version 17
VisualStudioVersion = 17.12.35506.116 d17.12
MinimumVisualStudioVersion = 10.0.40219.1
Project("{FAE04EC0-301F-11D3-BF4B-00C04F79EFBC}") = "AvroSchemaGenerator", "AvroSchemaGenerator\AvroSchemaGenerator.csproj", "{B523F77C-CA37-4416-864F-55527E1A9380}"
EndProject
Project("{FAE04EC0-301F-11D3-BF4B-00C04F79EFBC}") = "AvroScgemaGenerator.Test", "AvroScgemaGenerator.Test\AvroScgemaGenerator.Test.csproj", "{36254A46-93FB-42DD-8635-93D7ABBB8A7E}"
EndProject
Project("{2150E333-8FDC-42A3-9474-1A3956D46DE8}") = "scr", "scr", "{42BCEC57-D553-469A-B1B2-264A1D80142F}"
EndProject
Project("{2150E333-8FDC-42A3-9474-1A3956D46DE8}") = "test", "test", "{D5602B03-9609-42A8-8EC6-B205333E6FDC}"
EndProject
Global
	GlobalSection(SolutionConfigurationPlatforms) = preSolution
		Debug|Any CPU = Debug|Any CPU
		Release|Any CPU = Release|Any CPU
	EndGlobalSection
	GlobalSection(ProjectConfigurationPlatforms) = postSolution
		{B523F77C-CA37-4416-864F-55527E1A9380}.Debug|Any CPU.ActiveCfg = Debug|Any CPU
		{B523F77C-CA37-4416-864F-55527E1A9380}.Debug|Any CPU.Build.0 = Debug|Any CPU
		{B523F77C-CA37-4416-864F-55527E1A9380}.Release|Any CPU.ActiveCfg = Release|Any CPU
		{B523F77C-CA37-4416-864F-55527E1A9380}.Release|Any CPU.Build.0 = Release|Any CPU
		{36254A46-93FB-42DD-8635-93D7ABBB8A7E}.Debug|Any CPU.ActiveCfg = Debug|Any CPU
		{36254A46-93FB-42DD-8635-93D7ABBB8A7E}.Debug|Any CPU.Build.0 = Debug|Any CPU
		{36254A46-93FB-42DD-8635-93D7ABBB8A7E}.Release|Any CPU.ActiveCfg = Release|Any CPU
		{36254A46-93FB-42DD-8635-93D7ABBB8A7E}.Release|Any CPU.Build.0 = Release|Any CPU
	EndGlobalSection
	GlobalSection(SolutionProperties) = preSolution
		HideSolutionNode = FALSE
	EndGlobalSection
	GlobalSection(NestedProjects) = preSolution
		{B523F77C-CA37-4416-864F-55527E1A9380} = {42BCEC57-D553-469A-B1B2-264A1D80142F}
		{36254A46-93FB-42DD-8635-93D7ABBB8A7E} = {D5602B03-9609-42A8-8EC6-B205333E6FDC}
	EndGlobalSection
EndGlobal
